
Microsoft Visual Studio Solution File, Format Version 12.00
# Visual Studio Version 16
VisualStudioVersion = 16.0.31702.278
MinimumVisualStudioVersion = 10.0.40219.1
Project("{FAE04EC0-301F-11D3-BF4B-00C04F79EFBC}") = "week08", "week08\week08.csproj", "{A1C02D8A-F518-44D5-81AB-29A9A9D7D314}"
EndProject
Global
	GlobalSection(SolutionConfigurationPlatforms) = preSolution
		Debug|Any CPU = Debug|Any CPU
		Release|Any CPU = Release|Any CPU
	EndGlobalSection
	GlobalSection(ProjectConfigurationPlatforms) = postSolution
		{A1C02D8A-F518-44D5-81AB-29A9A9D7D314}.Debug|Any CPU.ActiveCfg = Debug|Any CPU
		{A1C02D8A-F518-44D5-81AB-29A9A9D7D314}.Debug|Any CPU.Build.0 = Debug|Any CPU
		{A1C02D8A-F518-44D5-81AB-29A9A9D7D314}.Release|Any CPU.ActiveCfg = Release|Any CPU
		{A1C02D8A-F518-44D5-81AB-29A9A9D7D314}.Release|Any CPU.Build.0 = Release|Any CPU
	EndGlobalSection
	GlobalSection(SolutionProperties) = preSolution
		HideSolutionNode = FALSE
	EndGlobalSection
	GlobalSection(ExtensibilityGlobals) = postSolution
		SolutionGuid = {F3C69C78-0A4B-4EFA-B246-71D635E77B4F}
	EndGlobalSection
EndGlobal
